
Microsoft Visual Studio Solution File, Format Version 12.00
# Visual Studio Version 17
VisualStudioVersion = 17.7.34031.279
MinimumVisualStudioVersion = 10.0.40219.1
Project("{FAE04EC0-301F-11D3-BF4B-00C04F79EFBC}") = "HangMan_Game", "HangMan_Game\HangMan_Game.csproj", "{764B5D59-3A39-4F9B-9572-5B8E47B39D27}"
EndProject
Global
	GlobalSection(SolutionConfigurationPlatforms) = preSolution
		Debug|Any CPU = Debug|Any CPU
		Release|Any CPU = Release|Any CPU
	EndGlobalSection
	GlobalSection(ProjectConfigurationPlatforms) = postSolution
		{764B5D59-3A39-4F9B-9572-5B8E47B39D27}.Debug|Any CPU.ActiveCfg = Debug|Any CPU
		{764B5D59-3A39-4F9B-9572-5B8E47B39D27}.Debug|Any CPU.Build.0 = Debug|Any CPU
		{764B5D59-3A39-4F9B-9572-5B8E47B39D27}.Release|Any CPU.ActiveCfg = Release|Any CPU
		{764B5D59-3A39-4F9B-9572-5B8E47B39D27}.Release|Any CPU.Build.0 = Release|Any CPU
	EndGlobalSection
	GlobalSection(SolutionProperties) = preSolution
		HideSolutionNode = FALSE
	EndGlobalSection
	GlobalSection(ExtensibilityGlobals) = postSolution
		SolutionGuid = {17FC875A-3204-4B2B-A589-804FCE1AA746}
	EndGlobalSection
EndGlobal
